{
  "name": "kicad-to-layout",
  "version": "1.0.0",
  "lockfileVersion": 2,
  "requires": true,
  "packages": {
    "": {
      "name": "kicad-to-layout",
      "version": "1.0.0",
      "license": "ISC",
      "dependencies": {
        "keymap-layout-tools": "file:../keymap-layout-tools",
        "s-expression": "^3.1.1"
      }
    },
    "../keymap-layout-tools": {
      "version": "1.0.0",
      "license": "MIT",
      "dependencies": {
        "lodash": "^4.17.21"
      },
      "devDependencies": {
        "eslint": "^8.34.0",
        "eslint-config-standard": "^17.0.0"
      }
    },
    "node_modules/keymap-layout-tools": {
      "resolved": "../keymap-layout-tools",
      "link": true
    },
    "node_modules/s-expression": {
      "version": "3.1.1",
      "resolved": "https://registry.npmjs.org/s-expression/-/s-expression-3.1.1.tgz",
      "integrity": "sha512-VMsW7sIvixXfIDmDll7XCePMYYY52UlUtA7OlFQUovqj3XtQ2UkZkjjAvnSFW8o+SbswzUEeCBMmpAx9LS3qrg=="
    }
  },
  "dependencies": {
    "keymap-layout-tools": {
      "version": "file:../keymap-layout-tools",
      "requires": {
        "eslint": "^8.34.0",
        "eslint-config-standard": "^17.0.0",
        "lodash": "^4.17.21"
      }
    },
    "s-expression": {
      "version": "3.1.1",
      "resolved": "https://registry.npmjs.org/s-expression/-/s-expression-3.1.1.tgz",
      "integrity": "sha512-VMsW7sIvixXfIDmDll7XCePMYYY52UlUtA7OlFQUovqj3XtQ2UkZkjjAvnSFW8o+SbswzUEeCBMmpAx9LS3qrg=="
    }
  }
}
