{
  "name": "kicad-to-layout",
  "version": "1.0.0",
  "lockfileVersion": 2,
  "requires": true,
  "packages": {
    "": {
      "name": "kicad-to-layout",
      "version": "1.0.0",
      "license": "ISC",
      "dependencies": {
        "drawille-canvas": "^1.2.1",
        "keymap-layout-tools": "file:../keymap-layout-tools",
        "s-expression": "^3.1.1"
      }
    },
    "../keymap-layout-tools": {
      "version": "1.0.0",
      "license": "MIT",
      "dependencies": {
        "lodash": "^4.17.21"
      },
      "devDependencies": {
        "eslint": "^8.34.0",
        "eslint-config-standard": "^17.0.0"
      }
    },
    "node_modules/bresenham": {
      "version": "0.0.3",
      "resolved": "https://registry.npmjs.org/bresenham/-/bresenham-0.0.3.tgz",
      "integrity": "sha512-wbMxoJJM1p3+6G7xEFXYNCJ30h2qkwmVxebkbwIl4OcnWtno5R3UT9VuYLfStlVNAQCmRjkGwjPFdfaPd4iNXw=="
    },
    "node_modules/drawille": {
      "version": "1.1.1",
      "resolved": "https://registry.npmjs.org/drawille/-/drawille-1.1.1.tgz",
      "integrity": "sha512-4w8K9vgWxvLS4BqRD6NQW4eB7BHqvFDH8vnY9cU6OufO4O5mBAzv7WjJFZoRKE2zD2F+p27RAho9KoaGWIm5Ww=="
    },
    "node_modules/drawille-canvas": {
      "version": "1.2.1",
      "resolved": "https://registry.npmjs.org/drawille-canvas/-/drawille-canvas-1.2.1.tgz",
      "integrity": "sha512-9VhpmwIOfRx5iKcYapLr+9Iv6TbxuqeQCNG4I7+DYzaJlzq25aYElEgZXee3Hiw3UUxAOjrLWcq1uSX91J/aJg==",
      "dependencies": {
        "bresenham": "0.0.3",
        "drawille": "^1.1.0",
        "earcut": "^2.1.1",
        "gl-matrix": "^3.3.0"
      }
    },
    "node_modules/earcut": {
      "version": "2.2.4",
      "resolved": "https://registry.npmjs.org/earcut/-/earcut-2.2.4.tgz",
      "integrity": "sha512-/pjZsA1b4RPHbeWZQn66SWS8nZZWLQQ23oE3Eam7aroEFGEvwKAsJfZ9ytiEMycfzXWpca4FA9QIOehf7PocBQ=="
    },
    "node_modules/gl-matrix": {
      "version": "3.4.3",
      "resolved": "https://registry.npmjs.org/gl-matrix/-/gl-matrix-3.4.3.tgz",
      "integrity": "sha512-wcCp8vu8FT22BnvKVPjXa/ICBWRq/zjFfdofZy1WSpQZpphblv12/bOQLBC1rMM7SGOFS9ltVmKOHil5+Ml7gA=="
    },
    "node_modules/keymap-layout-tools": {
      "resolved": "../keymap-layout-tools",
      "link": true
    },
    "node_modules/s-expression": {
      "version": "3.1.1",
      "resolved": "https://registry.npmjs.org/s-expression/-/s-expression-3.1.1.tgz",
      "integrity": "sha512-VMsW7sIvixXfIDmDll7XCePMYYY52UlUtA7OlFQUovqj3XtQ2UkZkjjAvnSFW8o+SbswzUEeCBMmpAx9LS3qrg=="
    }
  },
  "dependencies": {
    "bresenham": {
      "version": "0.0.3",
      "resolved": "https://registry.npmjs.org/bresenham/-/bresenham-0.0.3.tgz",
      "integrity": "sha512-wbMxoJJM1p3+6G7xEFXYNCJ30h2qkwmVxebkbwIl4OcnWtno5R3UT9VuYLfStlVNAQCmRjkGwjPFdfaPd4iNXw=="
    },
    "drawille": {
      "version": "1.1.1",
      "resolved": "https://registry.npmjs.org/drawille/-/drawille-1.1.1.tgz",
      "integrity": "sha512-4w8K9vgWxvLS4BqRD6NQW4eB7BHqvFDH8vnY9cU6OufO4O5mBAzv7WjJFZoRKE2zD2F+p27RAho9KoaGWIm5Ww=="
    },
    "drawille-canvas": {
      "version": "1.2.1",
      "resolved": "https://registry.npmjs.org/drawille-canvas/-/drawille-canvas-1.2.1.tgz",
      "integrity": "sha512-9VhpmwIOfRx5iKcYapLr+9Iv6TbxuqeQCNG4I7+DYzaJlzq25aYElEgZXee3Hiw3UUxAOjrLWcq1uSX91J/aJg==",
      "requires": {
        "bresenham": "0.0.3",
        "drawille": "^1.1.0",
        "earcut": "^2.1.1",
        "gl-matrix": "^3.3.0"
      }
    },
    "earcut": {
      "version": "2.2.4",
      "resolved": "https://registry.npmjs.org/earcut/-/earcut-2.2.4.tgz",
      "integrity": "sha512-/pjZsA1b4RPHbeWZQn66SWS8nZZWLQQ23oE3Eam7aroEFGEvwKAsJfZ9ytiEMycfzXWpca4FA9QIOehf7PocBQ=="
    },
    "gl-matrix": {
      "version": "3.4.3",
      "resolved": "https://registry.npmjs.org/gl-matrix/-/gl-matrix-3.4.3.tgz",
      "integrity": "sha512-wcCp8vu8FT22BnvKVPjXa/ICBWRq/zjFfdofZy1WSpQZpphblv12/bOQLBC1rMM7SGOFS9ltVmKOHil5+Ml7gA=="
    },
    "keymap-layout-tools": {
      "version": "file:../keymap-layout-tools",
      "requires": {
        "eslint": "^8.34.0",
        "eslint-config-standard": "^17.0.0",
        "lodash": "^4.17.21"
      }
    },
    "s-expression": {
      "version": "3.1.1",
      "resolved": "https://registry.npmjs.org/s-expression/-/s-expression-3.1.1.tgz",
      "integrity": "sha512-VMsW7sIvixXfIDmDll7XCePMYYY52UlUtA7OlFQUovqj3XtQ2UkZkjjAvnSFW8o+SbswzUEeCBMmpAx9LS3qrg=="
    }
  }
}
